
Microsoft Visual Studio Solution File, Format Version 12.00
# Visual Studio Version 16
VisualStudioVersion = 16.0.30413.136
MinimumVisualStudioVersion = 10.0.40219.1
Project("{2150E333-8FDC-42A3-9474-1A3956D46DE8}") = "App", "App", "{94A8973F-306A-4DB2-A22F-ABD6DE811849}"
EndProject
Project("{2150E333-8FDC-42A3-9474-1A3956D46DE8}") = "Common", "Common", "{42E1275E-179A-421D-A05E-FA9A8DD9C1BC}"
EndProject
Project("{2150E333-8FDC-42A3-9474-1A3956D46DE8}") = "Microservices", "Microservices", "{D6CF6D5C-9932-44D6-98D5-E4E7FE122367}"
EndProject
Project("{2150E333-8FDC-42A3-9474-1A3956D46DE8}") = "IamMicroservice", "IamMicroservice", "{3E92CD18-E67E-42B0-ABEC-B429E8ED2D66}"
EndProject
Project("{2150E333-8FDC-42A3-9474-1A3956D46DE8}") = "AnimalMicroservice", "AnimalMicroservice", "{AF16448C-0984-4C2E-81B4-F0287DC835F0}"
EndProject
Project("{2150E333-8FDC-42A3-9474-1A3956D46DE8}") = "AtendimentoMicroservice", "AtendimentoMicroservice", "{5F45F752-A35F-4CD9-BAAF-956CCEDC97D1}"
EndProject
Project("{2150E333-8FDC-42A3-9474-1A3956D46DE8}") = "ClienteMicroservice", "ClienteMicroservice", "{F2593CDC-7179-478F-8C22-930215D6C5AF}"
EndProject
Project("{2150E333-8FDC-42A3-9474-1A3956D46DE8}") = "ProdutoMicroservice", "ProdutoMicroservice", "{7A5E8D42-DFA9-44E7-AD6D-56075F70F786}"
EndProject
Project("{2150E333-8FDC-42A3-9474-1A3956D46DE8}") = "FuncionarioMicroservice", "FuncionarioMicroservice", "{5064ED40-1001-4046-B0FC-8559C796BA83}"
EndProject
Project("{2150E333-8FDC-42A3-9474-1A3956D46DE8}") = "1 - Application", "1 - Application", "{77A1E427-832E-4FF7-A2C0-68F2FFD8A5B2}"
EndProject
Project("{2150E333-8FDC-42A3-9474-1A3956D46DE8}") = "2 - Domain", "2 - Domain", "{C7E4DE34-4D75-41DB-801A-CF9A80720557}"
EndProject
Project("{2150E333-8FDC-42A3-9474-1A3956D46DE8}") = "3 - Infrastructure", "3 - Infrastructure", "{DBCB267C-5B65-4C76-95B4-A9C205BE1919}"
EndProject
Project("{2150E333-8FDC-42A3-9474-1A3956D46DE8}") = "0 - Presentation", "0 - Presentation", "{2BF8C99A-63FF-4961-BD10-45813115862C}"
EndProject
Project("{2150E333-8FDC-42A3-9474-1A3956D46DE8}") = "1 - Application", "1 - Application", "{A79226DB-7DC6-48A2-AEDD-8E9071008CBE}"
EndProject
Project("{2150E333-8FDC-42A3-9474-1A3956D46DE8}") = "2 - Domain", "2 - Domain", "{DA788D02-2A9D-4DA0-9614-6526C819FBFC}"
EndProject
Project("{2150E333-8FDC-42A3-9474-1A3956D46DE8}") = "3 - Infrastructure", "3 - Infrastructure", "{24F5ADBC-44B9-4625-99F4-0B309E9FC51B}"
EndProject
Project("{2150E333-8FDC-42A3-9474-1A3956D46DE8}") = "Console", "Console", "{340F4543-6BCE-4A0E-954B-04017DD40DE4}"
EndProject
Project("{2150E333-8FDC-42A3-9474-1A3956D46DE8}") = "1 - Application", "1 - Application", "{E3DB0F02-DC0F-4CC7-9176-E3C73854E1E6}"
EndProject
Project("{2150E333-8FDC-42A3-9474-1A3956D46DE8}") = "2 - Domain", "2 - Domain", "{A2DD5B08-FF6D-4E06-840D-7E8CD7B4B5C7}"
EndProject
Project("{2150E333-8FDC-42A3-9474-1A3956D46DE8}") = "3 - Infrastructure", "3 - Infrastructure", "{93F07B36-9B3C-4AFC-A2F4-13F0EB6B1E07}"
EndProject
Project("{9A19103F-16F7-4668-BE54-9A1E7A4F7556}") = "PetShop.Microservices.ClienteMicroservice.Domain", "PetShop.Microservices.ClienteMicroservice.Domain\PetShop.Microservices.ClienteMicroservice.Domain.csproj", "{00AE7487-B444-416B-AA29-ACB197B6C6D1}"
EndProject
Project("{9A19103F-16F7-4668-BE54-9A1E7A4F7556}") = "PetShop.Microservices.AnimalMicroservice.Domain", "PetShop.Microservices.AnimalMicroservice.Domain\PetShop.Microservices.AnimalMicroservice.Domain.csproj", "{EB11B826-B605-4359-BDBB-C3F146A0F498}"
EndProject
Project("{9A19103F-16F7-4668-BE54-9A1E7A4F7556}") = "PetShop.Microservices.AnimalMicroservice.Infra.DataAccess", "PetShop.Microservices.AnimalMicroservice.Infra.DataAccess\PetShop.Microservices.AnimalMicroservice.Infra.DataAccess.csproj", "{1CA480CB-9F0D-41C0-B66B-EF0F1D3F955C}"
EndProject
Project("{9A19103F-16F7-4668-BE54-9A1E7A4F7556}") = "PetShop.Microservices.AnimalMicroservice.Application.Api", "PetShop.Microservices.AnimalMicroservice.Application.Api\PetShop.Microservices.AnimalMicroservice.Application.Api.csproj", "{2917F19A-8B14-49F2-A78C-5E772BF8CAC7}"
EndProject
Project("{9A19103F-16F7-4668-BE54-9A1E7A4F7556}") = "PetShop.Microservices.ClienteMicroservice.Application.Api", "PetShop.Microservices.ClienteMicroservice.Application.Api\PetShop.Microservices.ClienteMicroservice.Application.Api.csproj", "{EF66BFC3-4AE7-4831-BC56-5B8532A7B9A7}"
EndProject
Project("{9A19103F-16F7-4668-BE54-9A1E7A4F7556}") = "PetShop.Microservices.ClienteMicroservice.Infra.DataAccess", "PetShop.Microservices.ClienteMicroservice.Infra.DataAccess\PetShop.Microservices.ClienteMicroservice.Infra.DataAccess.csproj", "{D962972E-2967-4AB4-9D2D-8B5DF96508EF}"
EndProject
Project("{9A19103F-16F7-4668-BE54-9A1E7A4F7556}") = "PetShop.IamMicroserver.Admin", "PetShop.IamMicroserver\src\PetShop.IamMicroserver.Admin\PetShop.IamMicroserver.Admin.csproj", "{02E32EDB-D0AB-461A-80A9-402A002581DF}"
EndProject
Project("{9A19103F-16F7-4668-BE54-9A1E7A4F7556}") = "PetShop.IamMicroserver.Admin.Api", "PetShop.IamMicroserver\src\PetShop.IamMicroserver.Admin.Api\PetShop.IamMicroserver.Admin.Api.csproj", "{1E73AB59-DB81-4079-BE44-9DDE4C396080}"
EndProject
Project("{9A19103F-16F7-4668-BE54-9A1E7A4F7556}") = "PetShop.IamMicroserver.Admin.EntityFramework.MySql", "PetShop.IamMicroserver\src\PetShop.IamMicroserver.Admin.EntityFramework.MySql\PetShop.IamMicroserver.Admin.EntityFramework.MySql.csproj", "{3B40E17A-771C-42BA-BF9C-7A51419C6726}"
EndProject
Project("{9A19103F-16F7-4668-BE54-9A1E7A4F7556}") = "PetShop.IamMicroserver.Admin.EntityFramework.PostgreSQL", "PetShop.IamMicroserver\src\PetShop.IamMicroserver.Admin.EntityFramework.PostgreSQL\PetShop.IamMicroserver.Admin.EntityFramework.PostgreSQL.csproj", "{49F8C052-F3A5-4EB7-B834-79F9BE34FC85}"
EndProject
Project("{9A19103F-16F7-4668-BE54-9A1E7A4F7556}") = "PetShop.IamMicroserver.Admin.EntityFramework.Shared", "PetShop.IamMicroserver\src\PetShop.IamMicroserver.Admin.EntityFramework.Shared\PetShop.IamMicroserver.Admin.EntityFramework.Shared.csproj", "{FDB1D5B9-1923-4DEA-A92F-6DD4A84B01E9}"
EndProject
Project("{9A19103F-16F7-4668-BE54-9A1E7A4F7556}") = "PetShop.IamMicroserver.Admin.EntityFramework.SqlServer", "PetShop.IamMicroserver\src\PetShop.IamMicroserver.Admin.EntityFramework.SqlServer\PetShop.IamMicroserver.Admin.EntityFramework.SqlServer.csproj", "{769A135C-BD46-4983-BB8B-366857607FA2}"
EndProject
Project("{9A19103F-16F7-4668-BE54-9A1E7A4F7556}") = "PetShop.IamMicroserver.STS.Identity", "PetShop.IamMicroserver\src\PetShop.IamMicroserver.STS.Identity\PetShop.IamMicroserver.STS.Identity.csproj", "{8AF1A1D4-CD23-43BA-9344-D652957E1CC9}"
EndProject
Global
	GlobalSection(SolutionConfigurationPlatforms) = preSolution
		Debug|Any CPU = Debug|Any CPU
		Release|Any CPU = Release|Any CPU
	EndGlobalSection
	GlobalSection(ProjectConfigurationPlatforms) = postSolution
		{00AE7487-B444-416B-AA29-ACB197B6C6D1}.Debug|Any CPU.ActiveCfg = Debug|Any CPU
		{00AE7487-B444-416B-AA29-ACB197B6C6D1}.Debug|Any CPU.Build.0 = Debug|Any CPU
		{00AE7487-B444-416B-AA29-ACB197B6C6D1}.Release|Any CPU.ActiveCfg = Release|Any CPU
		{00AE7487-B444-416B-AA29-ACB197B6C6D1}.Release|Any CPU.Build.0 = Release|Any CPU
		{EB11B826-B605-4359-BDBB-C3F146A0F498}.Debug|Any CPU.ActiveCfg = Debug|Any CPU
		{EB11B826-B605-4359-BDBB-C3F146A0F498}.Debug|Any CPU.Build.0 = Debug|Any CPU
		{EB11B826-B605-4359-BDBB-C3F146A0F498}.Release|Any CPU.ActiveCfg = Release|Any CPU
		{EB11B826-B605-4359-BDBB-C3F146A0F498}.Release|Any CPU.Build.0 = Release|Any CPU
		{1CA480CB-9F0D-41C0-B66B-EF0F1D3F955C}.Debug|Any CPU.ActiveCfg = Debug|Any CPU
		{1CA480CB-9F0D-41C0-B66B-EF0F1D3F955C}.Debug|Any CPU.Build.0 = Debug|Any CPU
		{1CA480CB-9F0D-41C0-B66B-EF0F1D3F955C}.Release|Any CPU.ActiveCfg = Release|Any CPU
		{1CA480CB-9F0D-41C0-B66B-EF0F1D3F955C}.Release|Any CPU.Build.0 = Release|Any CPU
		{2917F19A-8B14-49F2-A78C-5E772BF8CAC7}.Debug|Any CPU.ActiveCfg = Debug|Any CPU
		{2917F19A-8B14-49F2-A78C-5E772BF8CAC7}.Debug|Any CPU.Build.0 = Debug|Any CPU
		{2917F19A-8B14-49F2-A78C-5E772BF8CAC7}.Release|Any CPU.ActiveCfg = Release|Any CPU
		{2917F19A-8B14-49F2-A78C-5E772BF8CAC7}.Release|Any CPU.Build.0 = Release|Any CPU
		{EF66BFC3-4AE7-4831-BC56-5B8532A7B9A7}.Debug|Any CPU.ActiveCfg = Debug|Any CPU
		{EF66BFC3-4AE7-4831-BC56-5B8532A7B9A7}.Debug|Any CPU.Build.0 = Debug|Any CPU
		{EF66BFC3-4AE7-4831-BC56-5B8532A7B9A7}.Release|Any CPU.ActiveCfg = Release|Any CPU
		{EF66BFC3-4AE7-4831-BC56-5B8532A7B9A7}.Release|Any CPU.Build.0 = Release|Any CPU
		{D962972E-2967-4AB4-9D2D-8B5DF96508EF}.Debug|Any CPU.ActiveCfg = Debug|Any CPU
		{D962972E-2967-4AB4-9D2D-8B5DF96508EF}.Debug|Any CPU.Build.0 = Debug|Any CPU
		{D962972E-2967-4AB4-9D2D-8B5DF96508EF}.Release|Any CPU.ActiveCfg = Release|Any CPU
		{D962972E-2967-4AB4-9D2D-8B5DF96508EF}.Release|Any CPU.Build.0 = Release|Any CPU
		{02E32EDB-D0AB-461A-80A9-402A002581DF}.Debug|Any CPU.ActiveCfg = Debug|Any CPU
		{02E32EDB-D0AB-461A-80A9-402A002581DF}.Debug|Any CPU.Build.0 = Debug|Any CPU
		{02E32EDB-D0AB-461A-80A9-402A002581DF}.Release|Any CPU.ActiveCfg = Release|Any CPU
		{02E32EDB-D0AB-461A-80A9-402A002581DF}.Release|Any CPU.Build.0 = Release|Any CPU
		{1E73AB59-DB81-4079-BE44-9DDE4C396080}.Debug|Any CPU.ActiveCfg = Debug|Any CPU
		{1E73AB59-DB81-4079-BE44-9DDE4C396080}.Debug|Any CPU.Build.0 = Debug|Any CPU
		{1E73AB59-DB81-4079-BE44-9DDE4C396080}.Release|Any CPU.ActiveCfg = Release|Any CPU
		{1E73AB59-DB81-4079-BE44-9DDE4C396080}.Release|Any CPU.Build.0 = Release|Any CPU
		{3B40E17A-771C-42BA-BF9C-7A51419C6726}.Debug|Any CPU.ActiveCfg = Debug|Any CPU
		{3B40E17A-771C-42BA-BF9C-7A51419C6726}.Debug|Any CPU.Build.0 = Debug|Any CPU
		{3B40E17A-771C-42BA-BF9C-7A51419C6726}.Release|Any CPU.ActiveCfg = Release|Any CPU
		{3B40E17A-771C-42BA-BF9C-7A51419C6726}.Release|Any CPU.Build.0 = Release|Any CPU
		{49F8C052-F3A5-4EB7-B834-79F9BE34FC85}.Debug|Any CPU.ActiveCfg = Debug|Any CPU
		{49F8C052-F3A5-4EB7-B834-79F9BE34FC85}.Debug|Any CPU.Build.0 = Debug|Any CPU
		{49F8C052-F3A5-4EB7-B834-79F9BE34FC85}.Release|Any CPU.ActiveCfg = Release|Any CPU
		{49F8C052-F3A5-4EB7-B834-79F9BE34FC85}.Release|Any CPU.Build.0 = Release|Any CPU
		{FDB1D5B9-1923-4DEA-A92F-6DD4A84B01E9}.Debug|Any CPU.ActiveCfg = Debug|Any CPU
		{FDB1D5B9-1923-4DEA-A92F-6DD4A84B01E9}.Debug|Any CPU.Build.0 = Debug|Any CPU
		{FDB1D5B9-1923-4DEA-A92F-6DD4A84B01E9}.Release|Any CPU.ActiveCfg = Release|Any CPU
		{FDB1D5B9-1923-4DEA-A92F-6DD4A84B01E9}.Release|Any CPU.Build.0 = Release|Any CPU
		{769A135C-BD46-4983-BB8B-366857607FA2}.Debug|Any CPU.ActiveCfg = Debug|Any CPU
		{769A135C-BD46-4983-BB8B-366857607FA2}.Debug|Any CPU.Build.0 = Debug|Any CPU
		{769A135C-BD46-4983-BB8B-366857607FA2}.Release|Any CPU.ActiveCfg = Release|Any CPU
		{769A135C-BD46-4983-BB8B-366857607FA2}.Release|Any CPU.Build.0 = Release|Any CPU
		{8AF1A1D4-CD23-43BA-9344-D652957E1CC9}.Debug|Any CPU.ActiveCfg = Debug|Any CPU
		{8AF1A1D4-CD23-43BA-9344-D652957E1CC9}.Debug|Any CPU.Build.0 = Debug|Any CPU
		{8AF1A1D4-CD23-43BA-9344-D652957E1CC9}.Release|Any CPU.ActiveCfg = Release|Any CPU
		{8AF1A1D4-CD23-43BA-9344-D652957E1CC9}.Release|Any CPU.Build.0 = Release|Any CPU
	EndGlobalSection
	GlobalSection(SolutionProperties) = preSolution
		HideSolutionNode = FALSE
	EndGlobalSection
	GlobalSection(NestedProjects) = preSolution
		{3E92CD18-E67E-42B0-ABEC-B429E8ED2D66} = {D6CF6D5C-9932-44D6-98D5-E4E7FE122367}
		{AF16448C-0984-4C2E-81B4-F0287DC835F0} = {D6CF6D5C-9932-44D6-98D5-E4E7FE122367}
		{5F45F752-A35F-4CD9-BAAF-956CCEDC97D1} = {D6CF6D5C-9932-44D6-98D5-E4E7FE122367}
		{F2593CDC-7179-478F-8C22-930215D6C5AF} = {D6CF6D5C-9932-44D6-98D5-E4E7FE122367}
		{7A5E8D42-DFA9-44E7-AD6D-56075F70F786} = {D6CF6D5C-9932-44D6-98D5-E4E7FE122367}
		{5064ED40-1001-4046-B0FC-8559C796BA83} = {D6CF6D5C-9932-44D6-98D5-E4E7FE122367}
		{77A1E427-832E-4FF7-A2C0-68F2FFD8A5B2} = {AF16448C-0984-4C2E-81B4-F0287DC835F0}
		{C7E4DE34-4D75-41DB-801A-CF9A80720557} = {AF16448C-0984-4C2E-81B4-F0287DC835F0}
		{DBCB267C-5B65-4C76-95B4-A9C205BE1919} = {AF16448C-0984-4C2E-81B4-F0287DC835F0}
		{2BF8C99A-63FF-4961-BD10-45813115862C} = {94A8973F-306A-4DB2-A22F-ABD6DE811849}
		{A79226DB-7DC6-48A2-AEDD-8E9071008CBE} = {94A8973F-306A-4DB2-A22F-ABD6DE811849}
		{DA788D02-2A9D-4DA0-9614-6526C819FBFC} = {94A8973F-306A-4DB2-A22F-ABD6DE811849}
		{24F5ADBC-44B9-4625-99F4-0B309E9FC51B} = {94A8973F-306A-4DB2-A22F-ABD6DE811849}
		{340F4543-6BCE-4A0E-954B-04017DD40DE4} = {2BF8C99A-63FF-4961-BD10-45813115862C}
		{E3DB0F02-DC0F-4CC7-9176-E3C73854E1E6} = {F2593CDC-7179-478F-8C22-930215D6C5AF}
		{A2DD5B08-FF6D-4E06-840D-7E8CD7B4B5C7} = {F2593CDC-7179-478F-8C22-930215D6C5AF}
		{93F07B36-9B3C-4AFC-A2F4-13F0EB6B1E07} = {F2593CDC-7179-478F-8C22-930215D6C5AF}
		{00AE7487-B444-416B-AA29-ACB197B6C6D1} = {A2DD5B08-FF6D-4E06-840D-7E8CD7B4B5C7}
		{EB11B826-B605-4359-BDBB-C3F146A0F498} = {C7E4DE34-4D75-41DB-801A-CF9A80720557}
		{1CA480CB-9F0D-41C0-B66B-EF0F1D3F955C} = {DBCB267C-5B65-4C76-95B4-A9C205BE1919}
		{2917F19A-8B14-49F2-A78C-5E772BF8CAC7} = {77A1E427-832E-4FF7-A2C0-68F2FFD8A5B2}
		{EF66BFC3-4AE7-4831-BC56-5B8532A7B9A7} = {E3DB0F02-DC0F-4CC7-9176-E3C73854E1E6}
		{D962972E-2967-4AB4-9D2D-8B5DF96508EF} = {93F07B36-9B3C-4AFC-A2F4-13F0EB6B1E07}
		{02E32EDB-D0AB-461A-80A9-402A002581DF} = {3E92CD18-E67E-42B0-ABEC-B429E8ED2D66}
		{1E73AB59-DB81-4079-BE44-9DDE4C396080} = {3E92CD18-E67E-42B0-ABEC-B429E8ED2D66}
		{3B40E17A-771C-42BA-BF9C-7A51419C6726} = {3E92CD18-E67E-42B0-ABEC-B429E8ED2D66}
		{49F8C052-F3A5-4EB7-B834-79F9BE34FC85} = {3E92CD18-E67E-42B0-ABEC-B429E8ED2D66}
		{FDB1D5B9-1923-4DEA-A92F-6DD4A84B01E9} = {3E92CD18-E67E-42B0-ABEC-B429E8ED2D66}
		{769A135C-BD46-4983-BB8B-366857607FA2} = {3E92CD18-E67E-42B0-ABEC-B429E8ED2D66}
		{8AF1A1D4-CD23-43BA-9344-D652957E1CC9} = {3E92CD18-E67E-42B0-ABEC-B429E8ED2D66}
	EndGlobalSection
	GlobalSection(ExtensibilityGlobals) = postSolution
		SolutionGuid = {1B1548C3-5BED-44AC-A80B-00E4B498C01C}
	EndGlobalSection
EndGlobal
